{
  "name": "weinre",
  "version": "2.0.0-pre-KWOQKGC8",
  "lockfileVersion": 1,
  "requires": true,
  "dependencies": {
    "coffee-script": {
      "version": "1.8.0",
      "resolved": "https://registry.npmjs.org/coffee-script/-/coffee-script-1.8.0.tgz",
      "integrity": "sha1-nJ8dK0pSoADe0Vtll5FwNkgmPB0=",
      "dev": true,
      "requires": {
        "mkdirp": "~0.3.5"
      },
      "dependencies": {
        "mkdirp": {
          "version": "0.3.5",
          "resolved": "https://registry.npmjs.org/mkdirp/-/mkdirp-0.3.5.tgz",
          "integrity": "sha1-3j5fiWHIjHh+4TaN+EmsRBPsqNc=",
          "dev": true
        }
      }
    },
    "express": {
      "version": "2.5.11",
      "resolved": "https://registry.npmjs.org/express/-/express-2.5.11.tgz",
      "integrity": "sha1-TOjqHzY15p5J8Ou0l7aksKUc5vA=",
      "requires": {
        "connect": "1.x",
        "mime": "1.2.4",
        "mkdirp": "0.3.0",
        "qs": "0.4.x"
      },
      "dependencies": {
        "connect": {
          "version": "1.9.2",
          "resolved": "https://registry.npmjs.org/connect/-/connect-1.9.2.tgz",
          "integrity": "sha1-QogKIulDiuWait105Df1iujlKAc=",
          "requires": {
            "formidable": "1.0.x",
            "mime": ">= 0.0.1",
            "qs": ">= 0.4.0"
          },
          "dependencies": {
            "formidable": {
              "version": "1.0.15",
              "resolved": "https://registry.npmjs.org/formidable/-/formidable-1.0.15.tgz",
              "integrity": "sha1-kTY9WcxR3cor6EygM27AE1YGwVU="
            }
          }
        },
        "mime": {
          "version": "1.2.4",
          "resolved": "https://registry.npmjs.org/mime/-/mime-1.2.4.tgz",
          "integrity": "sha1-EbX9rynCUJJVF2uArVIClPXekrc="
        },
        "mkdirp": {
          "version": "0.3.0",
          "resolved": "https://registry.npmjs.org/mkdirp/-/mkdirp-0.3.0.tgz",
          "integrity": "sha1-G79asbqCevI1dRQ0kEJkVfSB/h4="
        },
        "qs": {
          "version": "0.4.2",
          "resolved": "https://registry.npmjs.org/qs/-/qs-0.4.2.tgz",
          "integrity": "sha1-PKxMhh43GoycR3CsI82o3mObjl8="
        }
      }
    },
    "nopt": {
      "version": "3.0.1",
      "resolved": "https://registry.npmjs.org/nopt/-/nopt-3.0.1.tgz",
      "integrity": "sha1-vOXEJEajKR9HYio3CrvxWPu6y/0=",
      "requires": {
        "abbrev": "1"
      },
      "dependencies": {
        "abbrev": {
          "version": "1.0.5",
          "resolved": "https://registry.npmjs.org/abbrev/-/abbrev-1.0.5.tgz",
          "integrity": "sha1-XYJXvZ6+Q15piy+kMa/eT+exCwM="
        }
      }
    },
    "underscore": {
      "version": "1.7.0",
      "resolved": "https://registry.npmjs.org/underscore/-/underscore-1.7.0.tgz",
      "integrity": "sha1-a7rwh3UA02vjTsqlhODbn+8DUgk="
    }
  }
}
